
Microsoft Visual Studio Solution File, Format Version 12.00
# Visual Studio 15
VisualStudioVersion = 15.0.27428.2037
MinimumVisualStudioVersion = 10.0.40219.1
Project("{FAE04EC0-301F-11D3-BF4B-00C04F79EFBC}") = "azflipidlabsrazor", "azflipidlabsrazor\azflipidlabsrazor.csproj", "{9641EF9E-A26A-4FE9-B866-45E69DE2957C}"
EndProject
Project("{E53339B2-1760-4266-BCC7-CA923CBCF16C}") = "docker-compose", "docker-compose.dcproj", "{89AF8FB6-F2C9-4118-8E94-5E468168EF72}"
EndProject
Global
	GlobalSection(SolutionConfigurationPlatforms) = preSolution
		Debug|Any CPU = Debug|Any CPU
		Release|Any CPU = Release|Any CPU
	EndGlobalSection
	GlobalSection(ProjectConfigurationPlatforms) = postSolution
		{9641EF9E-A26A-4FE9-B866-45E69DE2957C}.Debug|Any CPU.ActiveCfg = Debug|Any CPU
		{9641EF9E-A26A-4FE9-B866-45E69DE2957C}.Debug|Any CPU.Build.0 = Debug|Any CPU
		{9641EF9E-A26A-4FE9-B866-45E69DE2957C}.Release|Any CPU.ActiveCfg = Release|Any CPU
		{9641EF9E-A26A-4FE9-B866-45E69DE2957C}.Release|Any CPU.Build.0 = Release|Any CPU
		{89AF8FB6-F2C9-4118-8E94-5E468168EF72}.Debug|Any CPU.ActiveCfg = Debug|Any CPU
		{89AF8FB6-F2C9-4118-8E94-5E468168EF72}.Debug|Any CPU.Build.0 = Debug|Any CPU
		{89AF8FB6-F2C9-4118-8E94-5E468168EF72}.Release|Any CPU.ActiveCfg = Release|Any CPU
		{89AF8FB6-F2C9-4118-8E94-5E468168EF72}.Release|Any CPU.Build.0 = Release|Any CPU
	EndGlobalSection
	GlobalSection(SolutionProperties) = preSolution
		HideSolutionNode = FALSE
	EndGlobalSection
	GlobalSection(ExtensibilityGlobals) = postSolution
		SolutionGuid = {2D94AC11-27A6-4919-8BC3-7344876C6882}
	EndGlobalSection
EndGlobal
